
Microsoft Visual Studio Solution File, Format Version 12.00
# Visual Studio Version 17
VisualStudioVersion = 17.4.33213.308
MinimumVisualStudioVersion = 10.0.40219.1
Project("{FAE04EC0-301F-11D3-BF4B-00C04F79EFBC}") = "Abstraction", "Abstraction.csproj", "{90737067-45F6-4DA9-9506-06FF5FF521A7}"
EndProject
Global
	GlobalSection(SolutionConfigurationPlatforms) = preSolution
		Debug|Any CPU = Debug|Any CPU
		Release|Any CPU = Release|Any CPU
	EndGlobalSection
	GlobalSection(ProjectConfigurationPlatforms) = postSolution
		{90737067-45F6-4DA9-9506-06FF5FF521A7}.Debug|Any CPU.ActiveCfg = Debug|Any CPU
		{90737067-45F6-4DA9-9506-06FF5FF521A7}.Debug|Any CPU.Build.0 = Debug|Any CPU
		{90737067-45F6-4DA9-9506-06FF5FF521A7}.Release|Any CPU.ActiveCfg = Release|Any CPU
		{90737067-45F6-4DA9-9506-06FF5FF521A7}.Release|Any CPU.Build.0 = Release|Any CPU
	EndGlobalSection
	GlobalSection(SolutionProperties) = preSolution
		HideSolutionNode = FALSE
	EndGlobalSection
	GlobalSection(ExtensibilityGlobals) = postSolution
		SolutionGuid = {9024BD47-6D54-4BF9-AAAA-444478889239}
	EndGlobalSection
EndGlobal
