
Microsoft Visual Studio Solution File, Format Version 12.00
# Visual Studio Version 17
VisualStudioVersion = 17.4.33213.308
MinimumVisualStudioVersion = 10.0.40219.1
Project("{FAE04EC0-301F-11D3-BF4B-00C04F79EFBC}") = "Encapsulation", "Encapsulation.csproj", "{0333072F-DED1-4A38-A388-502A642F48F4}"
EndProject
Global
	GlobalSection(SolutionConfigurationPlatforms) = preSolution
		Debug|Any CPU = Debug|Any CPU
		Release|Any CPU = Release|Any CPU
	EndGlobalSection
	GlobalSection(ProjectConfigurationPlatforms) = postSolution
		{0333072F-DED1-4A38-A388-502A642F48F4}.Debug|Any CPU.ActiveCfg = Debug|Any CPU
		{0333072F-DED1-4A38-A388-502A642F48F4}.Debug|Any CPU.Build.0 = Debug|Any CPU
		{0333072F-DED1-4A38-A388-502A642F48F4}.Release|Any CPU.ActiveCfg = Release|Any CPU
		{0333072F-DED1-4A38-A388-502A642F48F4}.Release|Any CPU.Build.0 = Release|Any CPU
	EndGlobalSection
	GlobalSection(SolutionProperties) = preSolution
		HideSolutionNode = FALSE
	EndGlobalSection
	GlobalSection(ExtensibilityGlobals) = postSolution
		SolutionGuid = {E978D9A4-CB7D-465D-ABD1-E3B47E4C3C0D}
	EndGlobalSection
EndGlobal
